
Microsoft Visual Studio Solution File, Format Version 12.00
# Visual Studio Version 17
VisualStudioVersion = 17.8.34330.188
MinimumVisualStudioVersion = 10.0.40219.1
Project("{FAE04EC0-301F-11D3-BF4B-00C04F79EFBC}") = "task1", "task1\task1.csproj", "{DDF23F17-1644-4E40-8386-72CB79C76CEF}"
EndProject
Project("{FAE04EC0-301F-11D3-BF4B-00C04F79EFBC}") = "task3", "task3\task3.csproj", "{846FA747-2ABE-44DA-AE21-8208F203C525}"
EndProject
Project("{FAE04EC0-301F-11D3-BF4B-00C04F79EFBC}") = "task2", "task2\task2.csproj", "{93EFAA3C-4C6B-45A3-BFBE-75272CAE2204}"
EndProject
Global
	GlobalSection(SolutionConfigurationPlatforms) = preSolution
		Debug|Any CPU = Debug|Any CPU
		Release|Any CPU = Release|Any CPU
	EndGlobalSection
	GlobalSection(ProjectConfigurationPlatforms) = postSolution
		{DDF23F17-1644-4E40-8386-72CB79C76CEF}.Debug|Any CPU.ActiveCfg = Debug|Any CPU
		{DDF23F17-1644-4E40-8386-72CB79C76CEF}.Debug|Any CPU.Build.0 = Debug|Any CPU
		{DDF23F17-1644-4E40-8386-72CB79C76CEF}.Release|Any CPU.ActiveCfg = Release|Any CPU
		{DDF23F17-1644-4E40-8386-72CB79C76CEF}.Release|Any CPU.Build.0 = Release|Any CPU
		{846FA747-2ABE-44DA-AE21-8208F203C525}.Debug|Any CPU.ActiveCfg = Debug|Any CPU
		{846FA747-2ABE-44DA-AE21-8208F203C525}.Debug|Any CPU.Build.0 = Debug|Any CPU
		{846FA747-2ABE-44DA-AE21-8208F203C525}.Release|Any CPU.ActiveCfg = Release|Any CPU
		{846FA747-2ABE-44DA-AE21-8208F203C525}.Release|Any CPU.Build.0 = Release|Any CPU
		{93EFAA3C-4C6B-45A3-BFBE-75272CAE2204}.Debug|Any CPU.ActiveCfg = Debug|Any CPU
		{93EFAA3C-4C6B-45A3-BFBE-75272CAE2204}.Debug|Any CPU.Build.0 = Debug|Any CPU
		{93EFAA3C-4C6B-45A3-BFBE-75272CAE2204}.Release|Any CPU.ActiveCfg = Release|Any CPU
		{93EFAA3C-4C6B-45A3-BFBE-75272CAE2204}.Release|Any CPU.Build.0 = Release|Any CPU
	EndGlobalSection
	GlobalSection(SolutionProperties) = preSolution
		HideSolutionNode = FALSE
	EndGlobalSection
	GlobalSection(ExtensibilityGlobals) = postSolution
		SolutionGuid = {C1E66E4F-295A-472C-B1CE-80BD7858312A}
	EndGlobalSection
EndGlobal
